// !$*UTF8*$!
{
	archiveVersion = 1;
	classes = {
	};
	objectVersion = 55;
	objects = {

/* Begin PBXBuildFile section */
		4107B9B12997AC89008BAA33 /* QuickAccessViewController.swift in Sources */ = {isa = PBXBuildFile; fileRef = 4107B9B02997AC89008BAA33 /* QuickAccessViewController.swift */; };
		4107B9B32997B221008BAA33 /* QuickAccessCollectionViewCell.swift in Sources */ = {isa = PBXBuildFile; fileRef = 4107B9B22997B221008BAA33 /* QuickAccessCollectionViewCell.swift */; };
		4107B9B52997BABA008BAA33 /* QuickAccessHeaderTitleViewCell.swift in Sources */ = {isa = PBXBuildFile; fileRef = 4107B9B42997BABA008BAA33 /* QuickAccessHeaderTitleViewCell.swift */; };
		4107B9B92997CB45008BAA33 /* BankViewController.swift in Sources */ = {isa = PBXBuildFile; fileRef = 4107B9B82997CB45008BAA33 /* BankViewController.swift */; };
		4107B9BB2997CB57008BAA33 /* BankCollectionViewCell.swift in Sources */ = {isa = PBXBuildFile; fileRef = 4107B9BA2997CB57008BAA33 /* BankCollectionViewCell.swift */; };
		4107B9BD2997CB6A008BAA33 /* BankHeaderTitleViewCell.swift in Sources */ = {isa = PBXBuildFile; fileRef = 4107B9BC2997CB6A008BAA33 /* BankHeaderTitleViewCell.swift */; };
		41100CE5299B6D2300832727 /* GlobalConstants.swift in Sources */ = {isa = PBXBuildFile; fileRef = 41100CE4299B6D2300832727 /* GlobalConstants.swift */; };
		41213C43299249E30045EE54 /* AppDelegate.swift in Sources */ = {isa = PBXBuildFile; fileRef = 41213C42299249E30045EE54 /* AppDelegate.swift */; };
		41213C4C299249E30045EE54 /* Assets.xcassets in Resources */ = {isa = PBXBuildFile; fileRef = 41213C4B299249E30045EE54 /* Assets.xcassets */; };
		41213C4F299249E30045EE54 /* LaunchScreen.storyboard in Resources */ = {isa = PBXBuildFile; fileRef = 41213C4D299249E30045EE54 /* LaunchScreen.storyboard */; };
		41213C5829924C8F0045EE54 /* HomeViewController.swift in Sources */ = {isa = PBXBuildFile; fileRef = 41213C5729924C8F0045EE54 /* HomeViewController.swift */; };
		41213C5B299251CA0045EE54 /* HeaderView.swift in Sources */ = {isa = PBXBuildFile; fileRef = 41213C5A299251CA0045EE54 /* HeaderView.swift */; };
		4125B1C929966B7000AB30E9 /* UIViewController+Util.swift in Sources */ = {isa = PBXBuildFile; fileRef = 4125B1C829966B7000AB30E9 /* UIViewController+Util.swift */; };
		4131804129A6214500B1767F /* ButtonViewController.swift in Sources */ = {isa = PBXBuildFile; fileRef = 4131804029A6214500B1767F /* ButtonViewController.swift */; };
		4137FF9E29A5E7A600DE54E8 /* ApiManager.swift in Sources */ = {isa = PBXBuildFile; fileRef = 4137FF9D29A5E7A600DE54E8 /* ApiManager.swift */; };
		4144F238299E308D00315553 /* CollectionViewController.swift in Sources */ = {isa = PBXBuildFile; fileRef = 4144F237299E308D00315553 /* CollectionViewController.swift */; };
		414573DE29A697CA0012D806 /* SeeMoreController.swift in Sources */ = {isa = PBXBuildFile; fileRef = 414573DD29A697CA0012D806 /* SeeMoreController.swift */; };
		414573E029A6A2600012D806 /* SeeMoreCollectionViewCell.swift in Sources */ = {isa = PBXBuildFile; fileRef = 414573DF29A6A2600012D806 /* SeeMoreCollectionViewCell.swift */; };
		414BBEE929981DE40040CB81 /* PayTransferViewController.swift in Sources */ = {isa = PBXBuildFile; fileRef = 414BBEE829981DE40040CB81 /* PayTransferViewController.swift */; };
		414BBEEB29981E000040CB81 /* PayTransferCollectionViewCell.swift in Sources */ = {isa = PBXBuildFile; fileRef = 414BBEEA29981E000040CB81 /* PayTransferCollectionViewCell.swift */; };
		414BBEED29981E2A0040CB81 /* PayTransferTitleViewCell.swift in Sources */ = {isa = PBXBuildFile; fileRef = 414BBEEC29981E2A0040CB81 /* PayTransferTitleViewCell.swift */; };
		414BBEF129981FE30040CB81 /* LoansViewController.swift in Sources */ = {isa = PBXBuildFile; fileRef = 414BBEF029981FE30040CB81 /* LoansViewController.swift */; };
		414BBEF329981FFF0040CB81 /* CardsViewController.swift in Sources */ = {isa = PBXBuildFile; fileRef = 414BBEF229981FFF0040CB81 /* CardsViewController.swift */; };
		414BBEF52998202D0040CB81 /* LoansCollectionViewCell.swift in Sources */ = {isa = PBXBuildFile; fileRef = 414BBEF42998202D0040CB81 /* LoansCollectionViewCell.swift */; };
		414BBEF7299820440040CB81 /* CardsCollectionViewCell.swift in Sources */ = {isa = PBXBuildFile; fileRef = 414BBEF6299820440040CB81 /* CardsCollectionViewCell.swift */; };
		414BBEF9299820620040CB81 /* CardsTitleViewCell.swift in Sources */ = {isa = PBXBuildFile; fileRef = 414BBEF8299820620040CB81 /* CardsTitleViewCell.swift */; };
		414BBEFB299820760040CB81 /* LoansTitleViewCell.swift in Sources */ = {isa = PBXBuildFile; fileRef = 414BBEFA299820760040CB81 /* LoansTitleViewCell.swift */; };
		4160746E29A7E86F0095339A /* SearchViewController.swift in Sources */ = {isa = PBXBuildFile; fileRef = 4160746D29A7E86F0095339A /* SearchViewController.swift */; };
		417118F729A4D14100B9B593 /* DataModel.swift in Sources */ = {isa = PBXBuildFile; fileRef = 417118F629A4D14100B9B593 /* DataModel.swift */; };
		417118FA29A4E13800B9B593 /* Data.json in Resources */ = {isa = PBXBuildFile; fileRef = 417118F929A4E13800B9B593 /* Data.json */; };
		418EDBC829A358C700AAB169 /* TextViewController.swift in Sources */ = {isa = PBXBuildFile; fileRef = 418EDBC729A358C700AAB169 /* TextViewController.swift */; };
/* End PBXBuildFile section */

/* Begin PBXFileReference section */
		4107B9B02997AC89008BAA33 /* QuickAccessViewController.swift */ = {isa = PBXFileReference; lastKnownFileType = sourcecode.swift; path = QuickAccessViewController.swift; sourceTree = "<group>"; };
		4107B9B22997B221008BAA33 /* QuickAccessCollectionViewCell.swift */ = {isa = PBXFileReference; lastKnownFileType = sourcecode.swift; path = QuickAccessCollectionViewCell.swift; sourceTree = "<group>"; };
		4107B9B42997BABA008BAA33 /* QuickAccessHeaderTitleViewCell.swift */ = {isa = PBXFileReference; lastKnownFileType = sourcecode.swift; path = QuickAccessHeaderTitleViewCell.swift; sourceTree = "<group>"; };
		4107B9B82997CB45008BAA33 /* BankViewController.swift */ = {isa = PBXFileReference; lastKnownFileType = sourcecode.swift; path = BankViewController.swift; sourceTree = "<group>"; };
		4107B9BA2997CB57008BAA33 /* BankCollectionViewCell.swift */ = {isa = PBXFileReference; lastKnownFileType = sourcecode.swift; path = BankCollectionViewCell.swift; sourceTree = "<group>"; };
		4107B9BC2997CB6A008BAA33 /* BankHeaderTitleViewCell.swift */ = {isa = PBXFileReference; lastKnownFileType = sourcecode.swift; path = BankHeaderTitleViewCell.swift; sourceTree = "<group>"; };
		41100CE4299B6D2300832727 /* GlobalConstants.swift */ = {isa = PBXFileReference; lastKnownFileType = sourcecode.swift; path = GlobalConstants.swift; sourceTree = "<group>"; };
		41213C3F299249E30045EE54 /* DemoBank.app */ = {isa = PBXFileReference; explicitFileType = wrapper.application; includeInIndex = 0; path = DemoBank.app; sourceTree = BUILT_PRODUCTS_DIR; };
		41213C42299249E30045EE54 /* AppDelegate.swift */ = {isa = PBXFileReference; lastKnownFileType = sourcecode.swift; path = AppDelegate.swift; sourceTree = "<group>"; };
		41213C4B299249E30045EE54 /* Assets.xcassets */ = {isa = PBXFileReference; lastKnownFileType = folder.assetcatalog; path = Assets.xcassets; sourceTree = "<group>"; };
		41213C4E299249E30045EE54 /* Base */ = {isa = PBXFileReference; lastKnownFileType = file.storyboard; name = Base; path = Base.lproj/LaunchScreen.storyboard; sourceTree = "<group>"; };
		41213C50299249E30045EE54 /* Info.plist */ = {isa = PBXFileReference; lastKnownFileType = text.plist.xml; path = Info.plist; sourceTree = "<group>"; };
		41213C5729924C8F0045EE54 /* HomeViewController.swift */ = {isa = PBXFileReference; lastKnownFileType = sourcecode.swift; path = HomeViewController.swift; sourceTree = "<group>"; };
		41213C5A299251CA0045EE54 /* HeaderView.swift */ = {isa = PBXFileReference; lastKnownFileType = sourcecode.swift; path = HeaderView.swift; sourceTree = "<group>"; };
		4125B1C829966B7000AB30E9 /* UIViewController+Util.swift */ = {isa = PBXFileReference; lastKnownFileType = sourcecode.swift; path = "UIViewController+Util.swift"; sourceTree = "<group>"; };
		4131804029A6214500B1767F /* ButtonViewController.swift */ = {isa = PBXFileReference; lastKnownFileType = sourcecode.swift; path = ButtonViewController.swift; sourceTree = "<group>"; };
		4137FF9D29A5E7A600DE54E8 /* ApiManager.swift */ = {isa = PBXFileReference; lastKnownFileType = sourcecode.swift; path = ApiManager.swift; sourceTree = "<group>"; };
		4144F237299E308D00315553 /* CollectionViewController.swift */ = {isa = PBXFileReference; lastKnownFileType = sourcecode.swift; name = CollectionViewController.swift; path = ../CollectionViewController.swift; sourceTree = "<group>"; };
		414573DD29A697CA0012D806 /* SeeMoreController.swift */ = {isa = PBXFileReference; lastKnownFileType = sourcecode.swift; path = SeeMoreController.swift; sourceTree = "<group>"; };
		414573DF29A6A2600012D806 /* SeeMoreCollectionViewCell.swift */ = {isa = PBXFileReference; lastKnownFileType = sourcecode.swift; path = SeeMoreCollectionViewCell.swift; sourceTree = "<group>"; };
		414BBEE829981DE40040CB81 /* PayTransferViewController.swift */ = {isa = PBXFileReference; lastKnownFileType = sourcecode.swift; path = PayTransferViewController.swift; sourceTree = "<group>"; };
		414BBEEA29981E000040CB81 /* PayTransferCollectionViewCell.swift */ = {isa = PBXFileReference; lastKnownFileType = sourcecode.swift; path = PayTransferCollectionViewCell.swift; sourceTree = "<group>"; };
		414BBEEC29981E2A0040CB81 /* PayTransferTitleViewCell.swift */ = {isa = PBXFileReference; lastKnownFileType = sourcecode.swift; path = PayTransferTitleViewCell.swift; sourceTree = "<group>"; };
		414BBEF029981FE30040CB81 /* LoansViewController.swift */ = {isa = PBXFileReference; lastKnownFileType = sourcecode.swift; path = LoansViewController.swift; sourceTree = "<group>"; };
		414BBEF229981FFF0040CB81 /* CardsViewController.swift */ = {isa = PBXFileReference; lastKnownFileType = sourcecode.swift; path = CardsViewController.swift; sourceTree = "<group>"; };
		414BBEF42998202D0040CB81 /* LoansCollectionViewCell.swift */ = {isa = PBXFileReference; lastKnownFileType = sourcecode.swift; path = LoansCollectionViewCell.swift; sourceTree = "<group>"; };
		414BBEF6299820440040CB81 /* CardsCollectionViewCell.swift */ = {isa = PBXFileReference; lastKnownFileType = sourcecode.swift; path = CardsCollectionViewCell.swift; sourceTree = "<group>"; };
		414BBEF8299820620040CB81 /* CardsTitleViewCell.swift */ = {isa = PBXFileReference; lastKnownFileType = sourcecode.swift; path = CardsTitleViewCell.swift; sourceTree = "<group>"; };
		414BBEFA299820760040CB81 /* LoansTitleViewCell.swift */ = {isa = PBXFileReference; lastKnownFileType = sourcecode.swift; path = LoansTitleViewCell.swift; sourceTree = "<group>"; };
		4160746D29A7E86F0095339A /* SearchViewController.swift */ = {isa = PBXFileReference; lastKnownFileType = sourcecode.swift; path = SearchViewController.swift; sourceTree = "<group>"; };
		417118F629A4D14100B9B593 /* DataModel.swift */ = {isa = PBXFileReference; lastKnownFileType = sourcecode.swift; path = DataModel.swift; sourceTree = "<group>"; };
		417118F929A4E13800B9B593 /* Data.json */ = {isa = PBXFileReference; lastKnownFileType = text.json; path = Data.json; sourceTree = "<group>"; };
		418EDBC729A358C700AAB169 /* TextViewController.swift */ = {isa = PBXFileReference; lastKnownFileType = sourcecode.swift; path = TextViewController.swift; sourceTree = "<group>"; };
/* End PBXFileReference section */

/* Begin PBXFrameworksBuildPhase section */
		41213C3C299249E30045EE54 /* Frameworks */ = {
			isa = PBXFrameworksBuildPhase;
			buildActionMask = 2147483647;
			files = (
			);
			runOnlyForDeploymentPostprocessing = 0;
		};
/* End PBXFrameworksBuildPhase section */

/* Begin PBXGroup section */
		4107B9B62997CA20008BAA33 /* QuickAccess */ = {
			isa = PBXGroup;
			children = (
				4107B9B02997AC89008BAA33 /* QuickAccessViewController.swift */,
				4107B9B22997B221008BAA33 /* QuickAccessCollectionViewCell.swift */,
				4107B9B42997BABA008BAA33 /* QuickAccessHeaderTitleViewCell.swift */,
			);
			path = QuickAccess;
			sourceTree = "<group>";
		};
		4107B9B72997CA7F008BAA33 /* Bank */ = {
			isa = PBXGroup;
			children = (
				4107B9B82997CB45008BAA33 /* BankViewController.swift */,
				4107B9BA2997CB57008BAA33 /* BankCollectionViewCell.swift */,
				4107B9BC2997CB6A008BAA33 /* BankHeaderTitleViewCell.swift */,
			);
			path = Bank;
			sourceTree = "<group>";
		};
		41100CE3299B6CF600832727 /* Constants */ = {
			isa = PBXGroup;
			children = (
				41100CE4299B6D2300832727 /* GlobalConstants.swift */,
			);
			path = Constants;
			sourceTree = "<group>";
		};
		41213C36299249E30045EE54 = {
			isa = PBXGroup;
			children = (
				41213C41299249E30045EE54 /* DemoBank */,
				41213C40299249E30045EE54 /* Products */,
			);
			sourceTree = "<group>";
		};
		41213C40299249E30045EE54 /* Products */ = {
			isa = PBXGroup;
			children = (
				41213C3F299249E30045EE54 /* DemoBank.app */,
			);
			name = Products;
			sourceTree = "<group>";
		};
		41213C41299249E30045EE54 /* DemoBank */ = {
			isa = PBXGroup;
			children = (
				414BBEEF29981FB60040CB81 /* Cards */,
				414BBEEE29981FAD0040CB81 /* Loans */,
				414BBEE729981D650040CB81 /* PayTransfer */,
				4107B9B72997CA7F008BAA33 /* Bank */,
				4107B9B62997CA20008BAA33 /* QuickAccess */,
				41213C5629924C740045EE54 /* Controllers */,
				417118F829A4E00000B9B593 /* Resources */,
				4131803F29A61F4B00B1767F /* Manager */,
				418EDBC929A3962B00AAB169 /* Models */,
				41213C59299251A90045EE54 /* Views */,
				41213C42299249E30045EE54 /* AppDelegate.swift */,
				41100CE3299B6CF600832727 /* Constants */,
				41213C4B299249E30045EE54 /* Assets.xcassets */,
				4125B1C829966B7000AB30E9 /* UIViewController+Util.swift */,
				41213C4D299249E30045EE54 /* LaunchScreen.storyboard */,
				41213C50299249E30045EE54 /* Info.plist */,
			);
			path = DemoBank;
			sourceTree = "<group>";
		};
		41213C5629924C740045EE54 /* Controllers */ = {
			isa = PBXGroup;
			children = (
				41213C5729924C8F0045EE54 /* HomeViewController.swift */,
				4144F237299E308D00315553 /* CollectionViewController.swift */,
				418EDBC729A358C700AAB169 /* TextViewController.swift */,
				4131804029A6214500B1767F /* ButtonViewController.swift */,
				414573DD29A697CA0012D806 /* SeeMoreController.swift */,
				414573DF29A6A2600012D806 /* SeeMoreCollectionViewCell.swift */,
				4160746D29A7E86F0095339A /* SearchViewController.swift */,
			);
			path = Controllers;
			sourceTree = "<group>";
		};
		41213C59299251A90045EE54 /* Views */ = {
			isa = PBXGroup;
			children = (
				41213C5A299251CA0045EE54 /* HeaderView.swift */,
			);
			path = Views;
			sourceTree = "<group>";
		};
		4131803F29A61F4B00B1767F /* Manager */ = {
			isa = PBXGroup;
			children = (
				4137FF9D29A5E7A600DE54E8 /* ApiManager.swift */,
			);
			path = Manager;
			sourceTree = "<group>";
		};
		414BBEE729981D650040CB81 /* PayTransfer */ = {
			isa = PBXGroup;
			children = (
				414BBEE829981DE40040CB81 /* PayTransferViewController.swift */,
				414BBEEA29981E000040CB81 /* PayTransferCollectionViewCell.swift */,
				414BBEEC29981E2A0040CB81 /* PayTransferTitleViewCell.swift */,
			);
			path = PayTransfer;
			sourceTree = "<group>";
		};
		414BBEEE29981FAD0040CB81 /* Loans */ = {
			isa = PBXGroup;
			children = (
				414BBEF029981FE30040CB81 /* LoansViewController.swift */,
				414BBEF42998202D0040CB81 /* LoansCollectionViewCell.swift */,
				414BBEFA299820760040CB81 /* LoansTitleViewCell.swift */,
			);
			path = Loans;
			sourceTree = "<group>";
		};
		414BBEEF29981FB60040CB81 /* Cards */ = {
			isa = PBXGroup;
			children = (
				414BBEF229981FFF0040CB81 /* CardsViewController.swift */,
				414BBEF6299820440040CB81 /* CardsCollectionViewCell.swift */,
				414BBEF8299820620040CB81 /* CardsTitleViewCell.swift */,
			);
			path = Cards;
			sourceTree = "<group>";
		};
		417118F829A4E00000B9B593 /* Resources */ = {
			isa = PBXGroup;
			children = (
				417118F929A4E13800B9B593 /* Data.json */,
			);
			path = Resources;
			sourceTree = "<group>";
		};
		418EDBC929A3962B00AAB169 /* Models */ = {
			isa = PBXGroup;
			children = (
				417118F629A4D14100B9B593 /* DataModel.swift */,
			);
			path = Models;
			sourceTree = "<group>";
		};
/* End PBXGroup section */

/* Begin PBXNativeTarget section */
		41213C3E299249E30045EE54 /* DemoBank */ = {
			isa = PBXNativeTarget;
			buildConfigurationList = 41213C53299249E30045EE54 /* Build configuration list for PBXNativeTarget "DemoBank" */;
			buildPhases = (
				41213C3B299249E30045EE54 /* Sources */,
				41213C3C299249E30045EE54 /* Frameworks */,
				41213C3D299249E30045EE54 /* Resources */,
			);
			buildRules = (
			);
			dependencies = (
			);
			name = DemoBank;
			productName = DemoBank;
			productReference = 41213C3F299249E30045EE54 /* DemoBank.app */;
			productType = "com.apple.product-type.application";
		};
/* End PBXNativeTarget section */

/* Begin PBXProject section */
		41213C37299249E30045EE54 /* Project object */ = {
			isa = PBXProject;
			attributes = {
				BuildIndependentTargetsInParallel = 1;
				LastSwiftUpdateCheck = 1330;
				LastUpgradeCheck = 1330;
				TargetAttributes = {
					41213C3E299249E30045EE54 = {
						CreatedOnToolsVersion = 13.3;
					};
				};
			};
			buildConfigurationList = 41213C3A299249E30045EE54 /* Build configuration list for PBXProject "DemoBankApp" */;
			compatibilityVersion = "Xcode 13.0";
			developmentRegion = en;
			hasScannedForEncodings = 0;
			knownRegions = (
				en,
				Base,
			);
			mainGroup = 41213C36299249E30045EE54;
			productRefGroup = 41213C40299249E30045EE54 /* Products */;
			projectDirPath = "";
			projectRoot = "";
			targets = (
				41213C3E299249E30045EE54 /* DemoBank */,
			);
		};
/* End PBXProject section */

/* Begin PBXResourcesBuildPhase section */
		41213C3D299249E30045EE54 /* Resources */ = {
			isa = PBXResourcesBuildPhase;
			buildActionMask = 2147483647;
			files = (
				41213C4F299249E30045EE54 /* LaunchScreen.storyboard in Resources */,
				41213C4C299249E30045EE54 /* Assets.xcassets in Resources */,
				417118FA29A4E13800B9B593 /* Data.json in Resources */,
			);
			runOnlyForDeploymentPostprocessing = 0;
		};
/* End PBXResourcesBuildPhase section */

/* Begin PBXSourcesBuildPhase section */
		41213C3B299249E30045EE54 /* Sources */ = {
			isa = PBXSourcesBuildPhase;
			buildActionMask = 2147483647;
			files = (
				414BBEF129981FE30040CB81 /* LoansViewController.swift in Sources */,
				414BBEEB29981E000040CB81 /* PayTransferCollectionViewCell.swift in Sources */,
				414573DE29A697CA0012D806 /* SeeMoreController.swift in Sources */,
				414BBEF329981FFF0040CB81 /* CardsViewController.swift in Sources */,
				414BBEF7299820440040CB81 /* CardsCollectionViewCell.swift in Sources */,
				414BBEFB299820760040CB81 /* LoansTitleViewCell.swift in Sources */,
				4125B1C929966B7000AB30E9 /* UIViewController+Util.swift in Sources */,
				4107B9B32997B221008BAA33 /* QuickAccessCollectionViewCell.swift in Sources */,
				418EDBC829A358C700AAB169 /* TextViewController.swift in Sources */,
				4107B9BD2997CB6A008BAA33 /* BankHeaderTitleViewCell.swift in Sources */,
				41213C5B299251CA0045EE54 /* HeaderView.swift in Sources */,
				414BBEED29981E2A0040CB81 /* PayTransferTitleViewCell.swift in Sources */,
				414BBEF9299820620040CB81 /* CardsTitleViewCell.swift in Sources */,
				41213C43299249E30045EE54 /* AppDelegate.swift in Sources */,
				4107B9B12997AC89008BAA33 /* QuickAccessViewController.swift in Sources */,
				417118F729A4D14100B9B593 /* DataModel.swift in Sources */,
				41100CE5299B6D2300832727 /* GlobalConstants.swift in Sources */,
				4137FF9E29A5E7A600DE54E8 /* ApiManager.swift in Sources */,
				414573E029A6A2600012D806 /* SeeMoreCollectionViewCell.swift in Sources */,
				41213C5829924C8F0045EE54 /* HomeViewController.swift in Sources */,
				4131804129A6214500B1767F /* ButtonViewController.swift in Sources */,
				4107B9B92997CB45008BAA33 /* BankViewController.swift in Sources */,
				4160746E29A7E86F0095339A /* SearchViewController.swift in Sources */,
				414BBEF52998202D0040CB81 /* LoansCollectionViewCell.swift in Sources */,
				4107B9BB2997CB57008BAA33 /* BankCollectionViewCell.swift in Sources */,
				4107B9B52997BABA008BAA33 /* QuickAccessHeaderTitleViewCell.swift in Sources */,
				414BBEE929981DE40040CB81 /* PayTransferViewController.swift in Sources */,
				4144F238299E308D00315553 /* CollectionViewController.swift in Sources */,
			);
			runOnlyForDeploymentPostprocessing = 0;
		};
/* End PBXSourcesBuildPhase section */

/* Begin PBXVariantGroup section */
		41213C4D299249E30045EE54 /* LaunchScreen.storyboard */ = {
			isa = PBXVariantGroup;
			children = (
				41213C4E299249E30045EE54 /* Base */,
			);
			name = LaunchScreen.storyboard;
			sourceTree = "<group>";
		};
/* End PBXVariantGroup section */

/* Begin XCBuildConfiguration section */
		41213C51299249E30045EE54 /* Debug */ = {
			isa = XCBuildConfiguration;
			buildSettings = {
				ALWAYS_SEARCH_USER_PATHS = NO;
				CLANG_ANALYZER_NONNULL = YES;
				CLANG_ANALYZER_NUMBER_OBJECT_CONVERSION = YES_AGGRESSIVE;
				CLANG_CXX_LANGUAGE_STANDARD = "gnu++17";
				CLANG_ENABLE_MODULES = YES;
				CLANG_ENABLE_OBJC_ARC = YES;
				CLANG_ENABLE_OBJC_WEAK = YES;
				CLANG_WARN_BLOCK_CAPTURE_AUTORELEASING = YES;
				CLANG_WARN_BOOL_CONVERSION = YES;
				CLANG_WARN_COMMA = YES;
				CLANG_WARN_CONSTANT_CONVERSION = YES;
				CLANG_WARN_DEPRECATED_OBJC_IMPLEMENTATIONS = YES;
				CLANG_WARN_DIRECT_OBJC_ISA_USAGE = YES_ERROR;
				CLANG_WARN_DOCUMENTATION_COMMENTS = YES;
				CLANG_WARN_EMPTY_BODY = YES;
				CLANG_WARN_ENUM_CONVERSION = YES;
				CLANG_WARN_INFINITE_RECURSION = YES;
				CLANG_WARN_INT_CONVERSION = YES;
				CLANG_WARN_NON_LITERAL_NULL_CONVERSION = YES;
				CLANG_WARN_OBJC_IMPLICIT_RETAIN_SELF = YES;
				CLANG_WARN_OBJC_LITERAL_CONVERSION = YES;
				CLANG_WARN_OBJC_ROOT_CLASS = YES_ERROR;
				CLANG_WARN_QUOTED_INCLUDE_IN_FRAMEWORK_HEADER = YES;
				CLANG_WARN_RANGE_LOOP_ANALYSIS = YES;
				CLANG_WARN_STRICT_PROTOTYPES = YES;
				CLANG_WARN_SUSPICIOUS_MOVE = YES;
				CLANG_WARN_UNGUARDED_AVAILABILITY = YES_AGGRESSIVE;
				CLANG_WARN_UNREACHABLE_CODE = YES;
				CLANG_WARN__DUPLICATE_METHOD_MATCH = YES;
				COPY_PHASE_STRIP = NO;
				DEBUG_INFORMATION_FORMAT = dwarf;
				ENABLE_STRICT_OBJC_MSGSEND = YES;
				ENABLE_TESTABILITY = YES;
				GCC_C_LANGUAGE_STANDARD = gnu11;
				GCC_DYNAMIC_NO_PIC = NO;
				GCC_NO_COMMON_BLOCKS = YES;
				GCC_OPTIMIZATION_LEVEL = 0;
				GCC_PREPROCESSOR_DEFINITIONS = (
					"DEBUG=1",
					"$(inherited)",
				);
				GCC_WARN_64_TO_32_BIT_CONVERSION = YES;
				GCC_WARN_ABOUT_RETURN_TYPE = YES_ERROR;
				GCC_WARN_UNDECLARED_SELECTOR = YES;
				GCC_WARN_UNINITIALIZED_AUTOS = YES_AGGRESSIVE;
				GCC_WARN_UNUSED_FUNCTION = YES;
				GCC_WARN_UNUSED_VARIABLE = YES;
				IPHONEOS_DEPLOYMENT_TARGET = 15.4;
				MTL_ENABLE_DEBUG_INFO = INCLUDE_SOURCE;
				MTL_FAST_MATH = YES;
				ONLY_ACTIVE_ARCH = YES;
				SDKROOT = iphoneos;
				SWIFT_ACTIVE_COMPILATION_CONDITIONS = DEBUG;
				SWIFT_OPTIMIZATION_LEVEL = "-Onone";
			};
			name = Debug;
		};
		41213C52299249E30045EE54 /* Release */ = {
			isa = XCBuildConfiguration;
			buildSettings = {
				ALWAYS_SEARCH_USER_PATHS = NO;
				CLANG_ANALYZER_NONNULL = YES;
				CLANG_ANALYZER_NUMBER_OBJECT_CONVERSION = YES_AGGRESSIVE;
				CLANG_CXX_LANGUAGE_STANDARD = "gnu++17";
				CLANG_ENABLE_MODULES = YES;
				CLANG_ENABLE_OBJC_ARC = YES;
				CLANG_ENABLE_OBJC_WEAK = YES;
				CLANG_WARN_BLOCK_CAPTURE_AUTORELEASING = YES;
				CLANG_WARN_BOOL_CONVERSION = YES;
				CLANG_WARN_COMMA = YES;
				CLANG_WARN_CONSTANT_CONVERSION = YES;
				CLANG_WARN_DEPRECATED_OBJC_IMPLEMENTATIONS = YES;
				CLANG_WARN_DIRECT_OBJC_ISA_USAGE = YES_ERROR;
				CLANG_WARN_DOCUMENTATION_COMMENTS = YES;
				CLANG_WARN_EMPTY_BODY = YES;
				CLANG_WARN_ENUM_CONVERSION = YES;
				CLANG_WARN_INFINITE_RECURSION = YES;
				CLANG_WARN_INT_CONVERSION = YES;
				CLANG_WARN_NON_LITERAL_NULL_CONVERSION = YES;
				CLANG_WARN_OBJC_IMPLICIT_RETAIN_SELF = YES;
				CLANG_WARN_OBJC_LITERAL_CONVERSION = YES;
				CLANG_WARN_OBJC_ROOT_CLASS = YES_ERROR;
				CLANG_WARN_QUOTED_INCLUDE_IN_FRAMEWORK_HEADER = YES;
				CLANG_WARN_RANGE_LOOP_ANALYSIS = YES;
				CLANG_WARN_STRICT_PROTOTYPES = YES;
				CLANG_WARN_SUSPICIOUS_MOVE = YES;
				CLANG_WARN_UNGUARDED_AVAILABILITY = YES_AGGRESSIVE;
				CLANG_WARN_UNREACHABLE_CODE = YES;
				CLANG_WARN__DUPLICATE_METHOD_MATCH = YES;
				COPY_PHASE_STRIP = NO;
				DEBUG_INFORMATION_FORMAT = "dwarf-with-dsym";
				ENABLE_NS_ASSERTIONS = NO;
				ENABLE_STRICT_OBJC_MSGSEND = YES;
				GCC_C_LANGUAGE_STANDARD = gnu11;
				GCC_NO_COMMON_BLOCKS = YES;
				GCC_WARN_64_TO_32_BIT_CONVERSION = YES;
				GCC_WARN_ABOUT_RETURN_TYPE = YES_ERROR;
				GCC_WARN_UNDECLARED_SELECTOR = YES;
				GCC_WARN_UNINITIALIZED_AUTOS = YES_AGGRESSIVE;
				GCC_WARN_UNUSED_FUNCTION = YES;
				GCC_WARN_UNUSED_VARIABLE = YES;
				IPHONEOS_DEPLOYMENT_TARGET = 15.4;
				MTL_ENABLE_DEBUG_INFO = NO;
				MTL_FAST_MATH = YES;
				SDKROOT = iphoneos;
				SWIFT_COMPILATION_MODE = wholemodule;
				SWIFT_OPTIMIZATION_LEVEL = "-O";
				VALIDATE_PRODUCT = YES;
			};
			name = Release;
		};
		41213C54299249E30045EE54 /* Debug */ = {
			isa = XCBuildConfiguration;
			buildSettings = {
				ASSETCATALOG_COMPILER_APPICON_NAME = AppIcon;
				ASSETCATALOG_COMPILER_GLOBAL_ACCENT_COLOR_NAME = AccentColor;
				CODE_SIGN_STYLE = Automatic;
				CURRENT_PROJECT_VERSION = 1;
				DEVELOPMENT_TEAM = W749SDNNB4;
				GENERATE_INFOPLIST_FILE = YES;
				INFOPLIST_FILE = DemoBank/Info.plist;
				INFOPLIST_KEY_UIApplicationSupportsIndirectInputEvents = YES;
				INFOPLIST_KEY_UILaunchStoryboardName = LaunchScreen;
				INFOPLIST_KEY_UISupportedInterfaceOrientations_iPad = "UIInterfaceOrientationPortrait UIInterfaceOrientationPortraitUpsideDown UIInterfaceOrientationLandscapeLeft UIInterfaceOrientationLandscapeRight";
				INFOPLIST_KEY_UISupportedInterfaceOrientations_iPhone = "UIInterfaceOrientationPortrait UIInterfaceOrientationLandscapeLeft UIInterfaceOrientationLandscapeRight";
				LD_RUNPATH_SEARCH_PATHS = (
					"$(inherited)",
					"@executable_path/Frameworks",
				);
				MARKETING_VERSION = 1.0;
				PRODUCT_BUNDLE_IDENTIFIER = com.asad.DemoBank;
				PRODUCT_NAME = "$(TARGET_NAME)";
				SWIFT_EMIT_LOC_STRINGS = YES;
				SWIFT_VERSION = 5.0;
				TARGETED_DEVICE_FAMILY = "1,2";
			};
			name = Debug;
		};
		41213C55299249E30045EE54 /* Release */ = {
			isa = XCBuildConfiguration;
			buildSettings = {
				ASSETCATALOG_COMPILER_APPICON_NAME = AppIcon;
				ASSETCATALOG_COMPILER_GLOBAL_ACCENT_COLOR_NAME = AccentColor;
				CODE_SIGN_STYLE = Automatic;
				CURRENT_PROJECT_VERSION = 1;
				DEVELOPMENT_TEAM = W749SDNNB4;
				GENERATE_INFOPLIST_FILE = YES;
				INFOPLIST_FILE = DemoBank/Info.plist;
				INFOPLIST_KEY_UIApplicationSupportsIndirectInputEvents = YES;
				INFOPLIST_KEY_UILaunchStoryboardName = LaunchScreen;
				INFOPLIST_KEY_UISupportedInterfaceOrientations_iPad = "UIInterfaceOrientationPortrait UIInterfaceOrientationPortraitUpsideDown UIInterfaceOrientationLandscapeLeft UIInterfaceOrientationLandscapeRight";
				INFOPLIST_KEY_UISupportedInterfaceOrientations_iPhone = "UIInterfaceOrientationPortrait UIInterfaceOrientationLandscapeLeft UIInterfaceOrientationLandscapeRight";
				LD_RUNPATH_SEARCH_PATHS = (
					"$(inherited)",
					"@executable_path/Frameworks",
				);
				MARKETING_VERSION = 1.0;
				PRODUCT_BUNDLE_IDENTIFIER = com.asad.DemoBank;
				PRODUCT_NAME = "$(TARGET_NAME)";
				SWIFT_EMIT_LOC_STRINGS = YES;
				SWIFT_VERSION = 5.0;
				TARGETED_DEVICE_FAMILY = "1,2";
			};
			name = Release;
		};
/* End XCBuildConfiguration section */

/* Begin XCConfigurationList section */
		41213C3A299249E30045EE54 /* Build configuration list for PBXProject "DemoBankApp" */ = {
			isa = XCConfigurationList;
			buildConfigurations = (
				41213C51299249E30045EE54 /* Debug */,
				41213C52299249E30045EE54 /* Release */,
			);
			defaultConfigurationIsVisible = 0;
			defaultConfigurationName = Release;
		};
		41213C53299249E30045EE54 /* Build configuration list for PBXNativeTarget "DemoBank" */ = {
			isa = XCConfigurationList;
			buildConfigurations = (
				41213C54299249E30045EE54 /* Debug */,
				41213C55299249E30045EE54 /* Release */,
			);
			defaultConfigurationIsVisible = 0;
			defaultConfigurationName = Release;
		};
/* End XCConfigurationList section */
	};
	rootObject = 41213C37299249E30045EE54 /* Project object */;
}
