// !$*UTF8*$!
{
	archiveVersion = 1;
	classes = {
	};
	objectVersion = 55;
	objects = {

/* Begin PBXBuildFile section */
		4107B9B92997CB45008BAA33 /* BoxView.swift in Sources */ = {isa = PBXBuildFile; fileRef = 4107B9B82997CB45008BAA33 /* BoxView.swift */; };
		4107B9BB2997CB57008BAA33 /* CollectionViewCell.swift in Sources */ = {isa = PBXBuildFile; fileRef = 4107B9BA2997CB57008BAA33 /* CollectionViewCell.swift */; };
		4107B9BD2997CB6A008BAA33 /* HeaderTitleViewCell.swift in Sources */ = {isa = PBXBuildFile; fileRef = 4107B9BC2997CB6A008BAA33 /* HeaderTitleViewCell.swift */; };
		41100CE5299B6D2300832727 /* GlobalConstants.swift in Sources */ = {isa = PBXBuildFile; fileRef = 41100CE4299B6D2300832727 /* GlobalConstants.swift */; };
		41213C43299249E30045EE54 /* AppDelegate.swift in Sources */ = {isa = PBXBuildFile; fileRef = 41213C42299249E30045EE54 /* AppDelegate.swift */; };
		41213C4C299249E30045EE54 /* Assets.xcassets in Resources */ = {isa = PBXBuildFile; fileRef = 41213C4B299249E30045EE54 /* Assets.xcassets */; };
		41213C4F299249E30045EE54 /* LaunchScreen.storyboard in Resources */ = {isa = PBXBuildFile; fileRef = 41213C4D299249E30045EE54 /* LaunchScreen.storyboard */; };
		41213C5829924C8F0045EE54 /* HomeViewController.swift in Sources */ = {isa = PBXBuildFile; fileRef = 41213C5729924C8F0045EE54 /* HomeViewController.swift */; };
		41213C5B299251CA0045EE54 /* HeaderView.swift in Sources */ = {isa = PBXBuildFile; fileRef = 41213C5A299251CA0045EE54 /* HeaderView.swift */; };
		4125B1C929966B7000AB30E9 /* UIViewController+Util.swift in Sources */ = {isa = PBXBuildFile; fileRef = 4125B1C829966B7000AB30E9 /* UIViewController+Util.swift */; };
		4131804129A6214500B1767F /* ButtonViewController.swift in Sources */ = {isa = PBXBuildFile; fileRef = 4131804029A6214500B1767F /* ButtonViewController.swift */; };
		4137FF9E29A5E7A600DE54E8 /* ViewModel.swift in Sources */ = {isa = PBXBuildFile; fileRef = 4137FF9D29A5E7A600DE54E8 /* ViewModel.swift */; };
		416B6E4F29A8D36C00E39B8E /* SeeMoreViewController.swift in Sources */ = {isa = PBXBuildFile; fileRef = 416B6E4E29A8D36C00E39B8E /* SeeMoreViewController.swift */; };
		417118F729A4D14100B9B593 /* DataModel.swift in Sources */ = {isa = PBXBuildFile; fileRef = 417118F629A4D14100B9B593 /* DataModel.swift */; };
		417118FA29A4E13800B9B593 /* Data.json in Resources */ = {isa = PBXBuildFile; fileRef = 417118F929A4E13800B9B593 /* Data.json */; };
		418EDBC829A358C700AAB169 /* TextViewController.swift in Sources */ = {isa = PBXBuildFile; fileRef = 418EDBC729A358C700AAB169 /* TextViewController.swift */; };
/* End PBXBuildFile section */

/* Begin PBXFileReference section */
		4107B9B82997CB45008BAA33 /* BoxView.swift */ = {isa = PBXFileReference; lastKnownFileType = sourcecode.swift; path = BoxView.swift; sourceTree = "<group>"; };
		4107B9BA2997CB57008BAA33 /* CollectionViewCell.swift */ = {isa = PBXFileReference; lastKnownFileType = sourcecode.swift; path = CollectionViewCell.swift; sourceTree = "<group>"; };
		4107B9BC2997CB6A008BAA33 /* HeaderTitleViewCell.swift */ = {isa = PBXFileReference; lastKnownFileType = sourcecode.swift; path = HeaderTitleViewCell.swift; sourceTree = "<group>"; };
		41100CE4299B6D2300832727 /* GlobalConstants.swift */ = {isa = PBXFileReference; lastKnownFileType = sourcecode.swift; path = GlobalConstants.swift; sourceTree = "<group>"; };
		41213C3F299249E30045EE54 /* DemoBank.app */ = {isa = PBXFileReference; explicitFileType = wrapper.application; includeInIndex = 0; path = DemoBank.app; sourceTree = BUILT_PRODUCTS_DIR; };
		41213C42299249E30045EE54 /* AppDelegate.swift */ = {isa = PBXFileReference; lastKnownFileType = sourcecode.swift; path = AppDelegate.swift; sourceTree = "<group>"; };
		41213C4B299249E30045EE54 /* Assets.xcassets */ = {isa = PBXFileReference; lastKnownFileType = folder.assetcatalog; path = Assets.xcassets; sourceTree = "<group>"; };
		41213C4E299249E30045EE54 /* Base */ = {isa = PBXFileReference; lastKnownFileType = file.storyboard; name = Base; path = Base.lproj/LaunchScreen.storyboard; sourceTree = "<group>"; };
		41213C50299249E30045EE54 /* Info.plist */ = {isa = PBXFileReference; lastKnownFileType = text.plist.xml; path = Info.plist; sourceTree = "<group>"; };
		41213C5729924C8F0045EE54 /* HomeViewController.swift */ = {isa = PBXFileReference; lastKnownFileType = sourcecode.swift; path = HomeViewController.swift; sourceTree = "<group>"; };
		41213C5A299251CA0045EE54 /* HeaderView.swift */ = {isa = PBXFileReference; lastKnownFileType = sourcecode.swift; path = HeaderView.swift; sourceTree = "<group>"; };
		4125B1C829966B7000AB30E9 /* UIViewController+Util.swift */ = {isa = PBXFileReference; lastKnownFileType = sourcecode.swift; path = "UIViewController+Util.swift"; sourceTree = "<group>"; };
		4131804029A6214500B1767F /* ButtonViewController.swift */ = {isa = PBXFileReference; lastKnownFileType = sourcecode.swift; path = ButtonViewController.swift; sourceTree = "<group>"; };
		4137FF9D29A5E7A600DE54E8 /* ViewModel.swift */ = {isa = PBXFileReference; lastKnownFileType = sourcecode.swift; path = ViewModel.swift; sourceTree = "<group>"; };
		416B6E4E29A8D36C00E39B8E /* SeeMoreViewController.swift */ = {isa = PBXFileReference; lastKnownFileType = sourcecode.swift; path = SeeMoreViewController.swift; sourceTree = "<group>"; };
		417118F629A4D14100B9B593 /* DataModel.swift */ = {isa = PBXFileReference; lastKnownFileType = sourcecode.swift; path = DataModel.swift; sourceTree = "<group>"; };
		417118F929A4E13800B9B593 /* Data.json */ = {isa = PBXFileReference; lastKnownFileType = text.json; path = Data.json; sourceTree = "<group>"; };
		418EDBC729A358C700AAB169 /* TextViewController.swift */ = {isa = PBXFileReference; lastKnownFileType = sourcecode.swift; path = TextViewController.swift; sourceTree = "<group>"; };
/* End PBXFileReference section */

/* Begin PBXFrameworksBuildPhase section */
		41213C3C299249E30045EE54 /* Frameworks */ = {
			isa = PBXFrameworksBuildPhase;
			buildActionMask = 2147483647;
			files = (
			);
			runOnlyForDeploymentPostprocessing = 0;
		};
/* End PBXFrameworksBuildPhase section */

/* Begin PBXGroup section */
		41100CE3299B6CF600832727 /* Constants */ = {
			isa = PBXGroup;
			children = (
				41100CE4299B6D2300832727 /* GlobalConstants.swift */,
			);
			path = Constants;
			sourceTree = "<group>";
		};
		41213C36299249E30045EE54 = {
			isa = PBXGroup;
			children = (
				41213C41299249E30045EE54 /* DemoBank */,
				41213C40299249E30045EE54 /* Products */,
			);
			sourceTree = "<group>";
		};
		41213C40299249E30045EE54 /* Products */ = {
			isa = PBXGroup;
			children = (
				41213C3F299249E30045EE54 /* DemoBank.app */,
			);
			name = Products;
			sourceTree = "<group>";
		};
		41213C41299249E30045EE54 /* DemoBank */ = {
			isa = PBXGroup;
			children = (
				418EDBC929A3962B00AAB169 /* Models */,
				41DD5D1F29B622890026DF26 /* View */,
				4131803F29A61F4B00B1767F /* ViewModel */,
				417118F829A4E00000B9B593 /* Resources */,
				41100CE3299B6CF600832727 /* Constants */,
				41213C42299249E30045EE54 /* AppDelegate.swift */,
				41213C4B299249E30045EE54 /* Assets.xcassets */,
				4125B1C829966B7000AB30E9 /* UIViewController+Util.swift */,
				41213C4D299249E30045EE54 /* LaunchScreen.storyboard */,
				41213C50299249E30045EE54 /* Info.plist */,
			);
			path = DemoBank;
			sourceTree = "<group>";
		};
		4131803F29A61F4B00B1767F /* ViewModel */ = {
			isa = PBXGroup;
			children = (
				4137FF9D29A5E7A600DE54E8 /* ViewModel.swift */,
			);
			path = ViewModel;
			sourceTree = "<group>";
		};
		417118F829A4E00000B9B593 /* Resources */ = {
			isa = PBXGroup;
			children = (
				417118F929A4E13800B9B593 /* Data.json */,
			);
			path = Resources;
			sourceTree = "<group>";
		};
		418EDBC929A3962B00AAB169 /* Models */ = {
			isa = PBXGroup;
			children = (
				417118F629A4D14100B9B593 /* DataModel.swift */,
			);
			path = Models;
			sourceTree = "<group>";
		};
		41DD5D1F29B622890026DF26 /* View */ = {
			isa = PBXGroup;
			children = (
				4107B9B82997CB45008BAA33 /* BoxView.swift */,
				41213C5729924C8F0045EE54 /* HomeViewController.swift */,
				418EDBC729A358C700AAB169 /* TextViewController.swift */,
				4131804029A6214500B1767F /* ButtonViewController.swift */,
				4107B9BC2997CB6A008BAA33 /* HeaderTitleViewCell.swift */,
				416B6E4E29A8D36C00E39B8E /* SeeMoreViewController.swift */,
				4107B9BA2997CB57008BAA33 /* CollectionViewCell.swift */,
				41213C5A299251CA0045EE54 /* HeaderView.swift */,
			);
			name = View;
			path = Controllers/View;
			sourceTree = "<group>";
		};
/* End PBXGroup section */

/* Begin PBXNativeTarget section */
		41213C3E299249E30045EE54 /* DemoBank */ = {
			isa = PBXNativeTarget;
			buildConfigurationList = 41213C53299249E30045EE54 /* Build configuration list for PBXNativeTarget "DemoBank" */;
			buildPhases = (
				41213C3B299249E30045EE54 /* Sources */,
				41213C3C299249E30045EE54 /* Frameworks */,
				41213C3D299249E30045EE54 /* Resources */,
			);
			buildRules = (
			);
			dependencies = (
			);
			name = DemoBank;
			productName = DemoBank;
			productReference = 41213C3F299249E30045EE54 /* DemoBank.app */;
			productType = "com.apple.product-type.application";
		};
/* End PBXNativeTarget section */

/* Begin PBXProject section */
		41213C37299249E30045EE54 /* Project object */ = {
			isa = PBXProject;
			attributes = {
				BuildIndependentTargetsInParallel = 1;
				LastSwiftUpdateCheck = 1330;
				LastUpgradeCheck = 1330;
				TargetAttributes = {
					41213C3E299249E30045EE54 = {
						CreatedOnToolsVersion = 13.3;
					};
				};
			};
			buildConfigurationList = 41213C3A299249E30045EE54 /* Build configuration list for PBXProject "DemoBankApp" */;
			compatibilityVersion = "Xcode 13.0";
			developmentRegion = en;
			hasScannedForEncodings = 0;
			knownRegions = (
				en,
				Base,
			);
			mainGroup = 41213C36299249E30045EE54;
			productRefGroup = 41213C40299249E30045EE54 /* Products */;
			projectDirPath = "";
			projectRoot = "";
			targets = (
				41213C3E299249E30045EE54 /* DemoBank */,
			);
		};
/* End PBXProject section */

/* Begin PBXResourcesBuildPhase section */
		41213C3D299249E30045EE54 /* Resources */ = {
			isa = PBXResourcesBuildPhase;
			buildActionMask = 2147483647;
			files = (
				41213C4F299249E30045EE54 /* LaunchScreen.storyboard in Resources */,
				41213C4C299249E30045EE54 /* Assets.xcassets in Resources */,
				417118FA29A4E13800B9B593 /* Data.json in Resources */,
			);
			runOnlyForDeploymentPostprocessing = 0;
		};
/* End PBXResourcesBuildPhase section */

/* Begin PBXSourcesBuildPhase section */
		41213C3B299249E30045EE54 /* Sources */ = {
			isa = PBXSourcesBuildPhase;
			buildActionMask = 2147483647;
			files = (
				4125B1C929966B7000AB30E9 /* UIViewController+Util.swift in Sources */,
				418EDBC829A358C700AAB169 /* TextViewController.swift in Sources */,
				4107B9BD2997CB6A008BAA33 /* HeaderTitleViewCell.swift in Sources */,
				41213C5B299251CA0045EE54 /* HeaderView.swift in Sources */,
				416B6E4F29A8D36C00E39B8E /* SeeMoreViewController.swift in Sources */,
				41213C43299249E30045EE54 /* AppDelegate.swift in Sources */,
				417118F729A4D14100B9B593 /* DataModel.swift in Sources */,
				41100CE5299B6D2300832727 /* GlobalConstants.swift in Sources */,
				4137FF9E29A5E7A600DE54E8 /* ViewModel.swift in Sources */,
				41213C5829924C8F0045EE54 /* HomeViewController.swift in Sources */,
				4131804129A6214500B1767F /* ButtonViewController.swift in Sources */,
				4107B9B92997CB45008BAA33 /* BoxView.swift in Sources */,
				4107B9BB2997CB57008BAA33 /* CollectionViewCell.swift in Sources */,
			);
			runOnlyForDeploymentPostprocessing = 0;
		};
/* End PBXSourcesBuildPhase section */

/* Begin PBXVariantGroup section */
		41213C4D299249E30045EE54 /* LaunchScreen.storyboard */ = {
			isa = PBXVariantGroup;
			children = (
				41213C4E299249E30045EE54 /* Base */,
			);
			name = LaunchScreen.storyboard;
			sourceTree = "<group>";
		};
/* End PBXVariantGroup section */

/* Begin XCBuildConfiguration section */
		41213C51299249E30045EE54 /* Debug */ = {
			isa = XCBuildConfiguration;
			buildSettings = {
				ALWAYS_SEARCH_USER_PATHS = NO;
				CLANG_ANALYZER_NONNULL = YES;
				CLANG_ANALYZER_NUMBER_OBJECT_CONVERSION = YES_AGGRESSIVE;
				CLANG_CXX_LANGUAGE_STANDARD = "gnu++17";
				CLANG_ENABLE_MODULES = YES;
				CLANG_ENABLE_OBJC_ARC = YES;
				CLANG_ENABLE_OBJC_WEAK = YES;
				CLANG_WARN_BLOCK_CAPTURE_AUTORELEASING = YES;
				CLANG_WARN_BOOL_CONVERSION = YES;
				CLANG_WARN_COMMA = YES;
				CLANG_WARN_CONSTANT_CONVERSION = YES;
				CLANG_WARN_DEPRECATED_OBJC_IMPLEMENTATIONS = YES;
				CLANG_WARN_DIRECT_OBJC_ISA_USAGE = YES_ERROR;
				CLANG_WARN_DOCUMENTATION_COMMENTS = YES;
				CLANG_WARN_EMPTY_BODY = YES;
				CLANG_WARN_ENUM_CONVERSION = YES;
				CLANG_WARN_INFINITE_RECURSION = YES;
				CLANG_WARN_INT_CONVERSION = YES;
				CLANG_WARN_NON_LITERAL_NULL_CONVERSION = YES;
				CLANG_WARN_OBJC_IMPLICIT_RETAIN_SELF = YES;
				CLANG_WARN_OBJC_LITERAL_CONVERSION = YES;
				CLANG_WARN_OBJC_ROOT_CLASS = YES_ERROR;
				CLANG_WARN_QUOTED_INCLUDE_IN_FRAMEWORK_HEADER = YES;
				CLANG_WARN_RANGE_LOOP_ANALYSIS = YES;
				CLANG_WARN_STRICT_PROTOTYPES = YES;
				CLANG_WARN_SUSPICIOUS_MOVE = YES;
				CLANG_WARN_UNGUARDED_AVAILABILITY = YES_AGGRESSIVE;
				CLANG_WARN_UNREACHABLE_CODE = YES;
				CLANG_WARN__DUPLICATE_METHOD_MATCH = YES;
				COPY_PHASE_STRIP = NO;
				DEBUG_INFORMATION_FORMAT = dwarf;
				ENABLE_STRICT_OBJC_MSGSEND = YES;
				ENABLE_TESTABILITY = YES;
				GCC_C_LANGUAGE_STANDARD = gnu11;
				GCC_DYNAMIC_NO_PIC = NO;
				GCC_NO_COMMON_BLOCKS = YES;
				GCC_OPTIMIZATION_LEVEL = 0;
				GCC_PREPROCESSOR_DEFINITIONS = (
					"DEBUG=1",
					"$(inherited)",
				);
				GCC_WARN_64_TO_32_BIT_CONVERSION = YES;
				GCC_WARN_ABOUT_RETURN_TYPE = YES_ERROR;
				GCC_WARN_UNDECLARED_SELECTOR = YES;
				GCC_WARN_UNINITIALIZED_AUTOS = YES_AGGRESSIVE;
				GCC_WARN_UNUSED_FUNCTION = YES;
				GCC_WARN_UNUSED_VARIABLE = YES;
				IPHONEOS_DEPLOYMENT_TARGET = 15.4;
				MTL_ENABLE_DEBUG_INFO = INCLUDE_SOURCE;
				MTL_FAST_MATH = YES;
				ONLY_ACTIVE_ARCH = YES;
				SDKROOT = iphoneos;
				SWIFT_ACTIVE_COMPILATION_CONDITIONS = DEBUG;
				SWIFT_OPTIMIZATION_LEVEL = "-Onone";
			};
			name = Debug;
		};
		41213C52299249E30045EE54 /* Release */ = {
			isa = XCBuildConfiguration;
			buildSettings = {
				ALWAYS_SEARCH_USER_PATHS = NO;
				CLANG_ANALYZER_NONNULL = YES;
				CLANG_ANALYZER_NUMBER_OBJECT_CONVERSION = YES_AGGRESSIVE;
				CLANG_CXX_LANGUAGE_STANDARD = "gnu++17";
				CLANG_ENABLE_MODULES = YES;
				CLANG_ENABLE_OBJC_ARC = YES;
				CLANG_ENABLE_OBJC_WEAK = YES;
				CLANG_WARN_BLOCK_CAPTURE_AUTORELEASING = YES;
				CLANG_WARN_BOOL_CONVERSION = YES;
				CLANG_WARN_COMMA = YES;
				CLANG_WARN_CONSTANT_CONVERSION = YES;
				CLANG_WARN_DEPRECATED_OBJC_IMPLEMENTATIONS = YES;
				CLANG_WARN_DIRECT_OBJC_ISA_USAGE = YES_ERROR;
				CLANG_WARN_DOCUMENTATION_COMMENTS = YES;
				CLANG_WARN_EMPTY_BODY = YES;
				CLANG_WARN_ENUM_CONVERSION = YES;
				CLANG_WARN_INFINITE_RECURSION = YES;
				CLANG_WARN_INT_CONVERSION = YES;
				CLANG_WARN_NON_LITERAL_NULL_CONVERSION = YES;
				CLANG_WARN_OBJC_IMPLICIT_RETAIN_SELF = YES;
				CLANG_WARN_OBJC_LITERAL_CONVERSION = YES;
				CLANG_WARN_OBJC_ROOT_CLASS = YES_ERROR;
				CLANG_WARN_QUOTED_INCLUDE_IN_FRAMEWORK_HEADER = YES;
				CLANG_WARN_RANGE_LOOP_ANALYSIS = YES;
				CLANG_WARN_STRICT_PROTOTYPES = YES;
				CLANG_WARN_SUSPICIOUS_MOVE = YES;
				CLANG_WARN_UNGUARDED_AVAILABILITY = YES_AGGRESSIVE;
				CLANG_WARN_UNREACHABLE_CODE = YES;
				CLANG_WARN__DUPLICATE_METHOD_MATCH = YES;
				COPY_PHASE_STRIP = NO;
				DEBUG_INFORMATION_FORMAT = "dwarf-with-dsym";
				ENABLE_NS_ASSERTIONS = NO;
				ENABLE_STRICT_OBJC_MSGSEND = YES;
				GCC_C_LANGUAGE_STANDARD = gnu11;
				GCC_NO_COMMON_BLOCKS = YES;
				GCC_WARN_64_TO_32_BIT_CONVERSION = YES;
				GCC_WARN_ABOUT_RETURN_TYPE = YES_ERROR;
				GCC_WARN_UNDECLARED_SELECTOR = YES;
				GCC_WARN_UNINITIALIZED_AUTOS = YES_AGGRESSIVE;
				GCC_WARN_UNUSED_FUNCTION = YES;
				GCC_WARN_UNUSED_VARIABLE = YES;
				IPHONEOS_DEPLOYMENT_TARGET = 15.4;
				MTL_ENABLE_DEBUG_INFO = NO;
				MTL_FAST_MATH = YES;
				SDKROOT = iphoneos;
				SWIFT_COMPILATION_MODE = wholemodule;
				SWIFT_OPTIMIZATION_LEVEL = "-O";
				VALIDATE_PRODUCT = YES;
			};
			name = Release;
		};
		41213C54299249E30045EE54 /* Debug */ = {
			isa = XCBuildConfiguration;
			buildSettings = {
				ASSETCATALOG_COMPILER_APPICON_NAME = AppIcon;
				ASSETCATALOG_COMPILER_GLOBAL_ACCENT_COLOR_NAME = AccentColor;
				CODE_SIGN_STYLE = Automatic;
				CURRENT_PROJECT_VERSION = 1;
				DEVELOPMENT_TEAM = W749SDNNB4;
				GENERATE_INFOPLIST_FILE = YES;
				INFOPLIST_FILE = DemoBank/Info.plist;
				INFOPLIST_KEY_UIApplicationSupportsIndirectInputEvents = YES;
				INFOPLIST_KEY_UILaunchStoryboardName = LaunchScreen;
				INFOPLIST_KEY_UISupportedInterfaceOrientations_iPad = "UIInterfaceOrientationPortrait UIInterfaceOrientationPortraitUpsideDown UIInterfaceOrientationLandscapeLeft UIInterfaceOrientationLandscapeRight";
				INFOPLIST_KEY_UISupportedInterfaceOrientations_iPhone = "UIInterfaceOrientationPortrait UIInterfaceOrientationLandscapeLeft UIInterfaceOrientationLandscapeRight";
				LD_RUNPATH_SEARCH_PATHS = (
					"$(inherited)",
					"@executable_path/Frameworks",
				);
				MARKETING_VERSION = 1.0;
				PRODUCT_BUNDLE_IDENTIFIER = com.asad.DemoBank;
				PRODUCT_NAME = "$(TARGET_NAME)";
				SWIFT_EMIT_LOC_STRINGS = YES;
				SWIFT_VERSION = 5.0;
				TARGETED_DEVICE_FAMILY = "1,2";
			};
			name = Debug;
		};
		41213C55299249E30045EE54 /* Release */ = {
			isa = XCBuildConfiguration;
			buildSettings = {
				ASSETCATALOG_COMPILER_APPICON_NAME = AppIcon;
				ASSETCATALOG_COMPILER_GLOBAL_ACCENT_COLOR_NAME = AccentColor;
				CODE_SIGN_STYLE = Automatic;
				CURRENT_PROJECT_VERSION = 1;
				DEVELOPMENT_TEAM = W749SDNNB4;
				GENERATE_INFOPLIST_FILE = YES;
				INFOPLIST_FILE = DemoBank/Info.plist;
				INFOPLIST_KEY_UIApplicationSupportsIndirectInputEvents = YES;
				INFOPLIST_KEY_UILaunchStoryboardName = LaunchScreen;
				INFOPLIST_KEY_UISupportedInterfaceOrientations_iPad = "UIInterfaceOrientationPortrait UIInterfaceOrientationPortraitUpsideDown UIInterfaceOrientationLandscapeLeft UIInterfaceOrientationLandscapeRight";
				INFOPLIST_KEY_UISupportedInterfaceOrientations_iPhone = "UIInterfaceOrientationPortrait UIInterfaceOrientationLandscapeLeft UIInterfaceOrientationLandscapeRight";
				LD_RUNPATH_SEARCH_PATHS = (
					"$(inherited)",
					"@executable_path/Frameworks",
				);
				MARKETING_VERSION = 1.0;
				PRODUCT_BUNDLE_IDENTIFIER = com.asad.DemoBank;
				PRODUCT_NAME = "$(TARGET_NAME)";
				SWIFT_EMIT_LOC_STRINGS = YES;
				SWIFT_VERSION = 5.0;
				TARGETED_DEVICE_FAMILY = "1,2";
			};
			name = Release;
		};
/* End XCBuildConfiguration section */

/* Begin XCConfigurationList section */
		41213C3A299249E30045EE54 /* Build configuration list for PBXProject "DemoBankApp" */ = {
			isa = XCConfigurationList;
			buildConfigurations = (
				41213C51299249E30045EE54 /* Debug */,
				41213C52299249E30045EE54 /* Release */,
			);
			defaultConfigurationIsVisible = 0;
			defaultConfigurationName = Release;
		};
		41213C53299249E30045EE54 /* Build configuration list for PBXNativeTarget "DemoBank" */ = {
			isa = XCConfigurationList;
			buildConfigurations = (
				41213C54299249E30045EE54 /* Debug */,
				41213C55299249E30045EE54 /* Release */,
			);
			defaultConfigurationIsVisible = 0;
			defaultConfigurationName = Release;
		};
/* End XCConfigurationList section */
	};
	rootObject = 41213C37299249E30045EE54 /* Project object */;
}
